
Microsoft Visual Studio Solution File, Format Version 12.00
# Visual Studio Version 16
VisualStudioVersion = 16.0.30309.148
MinimumVisualStudioVersion = 10.0.40219.1
Project("{FAE04EC0-301F-11D3-BF4B-00C04F79EFBC}") = "xadrez-console", "xadrez-console\xadrez-console.csproj", "{2601370A-C1A2-4643-8FC7-5E21D7495383}"
EndProject
Global
	GlobalSection(SolutionConfigurationPlatforms) = preSolution
		Debug|Any CPU = Debug|Any CPU
		Release|Any CPU = Release|Any CPU
	EndGlobalSection
	GlobalSection(ProjectConfigurationPlatforms) = postSolution
		{2601370A-C1A2-4643-8FC7-5E21D7495383}.Debug|Any CPU.ActiveCfg = Debug|Any CPU
		{2601370A-C1A2-4643-8FC7-5E21D7495383}.Debug|Any CPU.Build.0 = Debug|Any CPU
		{2601370A-C1A2-4643-8FC7-5E21D7495383}.Release|Any CPU.ActiveCfg = Release|Any CPU
		{2601370A-C1A2-4643-8FC7-5E21D7495383}.Release|Any CPU.Build.0 = Release|Any CPU
	EndGlobalSection
	GlobalSection(SolutionProperties) = preSolution
		HideSolutionNode = FALSE
	EndGlobalSection
	GlobalSection(ExtensibilityGlobals) = postSolution
		SolutionGuid = {761E55F7-042A-4A08-B58C-C679201A21E4}
	EndGlobalSection
EndGlobal
